
Microsoft Visual Studio Solution File, Format Version 12.00
# Visual Studio Version 17
VisualStudioVersion = 17.11.35219.272
MinimumVisualStudioVersion = 10.0.40219.1
Project("{FAE04EC0-301F-11D3-BF4B-00C04F79EFBC}") = "dotnet-crud-api", "dotnet-crud-api.csproj", "{C0929B80-8B6F-494A-8284-EFCE86285D9C}"
EndProject
Global
	GlobalSection(SolutionConfigurationPlatforms) = preSolution
		Debug|Any CPU = Debug|Any CPU
		Release|Any CPU = Release|Any CPU
	EndGlobalSection
	GlobalSection(ProjectConfigurationPlatforms) = postSolution
		{C0929B80-8B6F-494A-8284-EFCE86285D9C}.Debug|Any CPU.ActiveCfg = Debug|Any CPU
		{C0929B80-8B6F-494A-8284-EFCE86285D9C}.Debug|Any CPU.Build.0 = Debug|Any CPU
		{C0929B80-8B6F-494A-8284-EFCE86285D9C}.Release|Any CPU.ActiveCfg = Release|Any CPU
		{C0929B80-8B6F-494A-8284-EFCE86285D9C}.Release|Any CPU.Build.0 = Release|Any CPU
	EndGlobalSection
	GlobalSection(SolutionProperties) = preSolution
		HideSolutionNode = FALSE
	EndGlobalSection
	GlobalSection(ExtensibilityGlobals) = postSolution
		SolutionGuid = {B1711C52-7904-45F9-9389-4E1077EC7524}
	EndGlobalSection
EndGlobal
